
Microsoft Visual Studio Solution File, Format Version 12.00
# Visual Studio 15
VisualStudioVersion = 15.0.28307.421
MinimumVisualStudioVersion = 10.0.40219.1
Project("{FAE04EC0-301F-11D3-BF4B-00C04F79EFBC}") = "ChassisMod", "ChassisMod\ChassisMod.csproj", "{476408A8-4A66-40D2-AC92-F881FD748587}"
EndProject
Project("{D954291E-2A0B-460D-934E-DC6B0785DB48}") = "Common", "Common\Common.shproj", "{5BFA7C46-6C25-41DC-806D-666E10A291F8}"
EndProject
Project("{FAE04EC0-301F-11D3-BF4B-00C04F79EFBC}") = "ScytheMod", "ScytheMod\ScytheMod.csproj", "{A4A43B87-3E3B-4BDC-8140-465B6D3B192D}"
EndProject
Project("{FAE04EC0-301F-11D3-BF4B-00C04F79EFBC}") = "StackSplitMod", "StackSplitMod\StackSplitMod.csproj", "{BF6D136E-4CA7-4ED2-9EDA-065EFC83B09C}"
EndProject
Global
	GlobalSection(SharedMSBuildProjectFiles) = preSolution
		Common\Common.projitems*{476408a8-4a66-40d2-ac92-f881fd748587}*SharedItemsImports = 4
		Common\Common.projitems*{5bfa7c46-6c25-41dc-806d-666e10a291f8}*SharedItemsImports = 13
		Common\Common.projitems*{a4a43b87-3e3b-4bdc-8140-465b6d3b192d}*SharedItemsImports = 4
		Common\Common.projitems*{bf6d136e-4ca7-4ed2-9eda-065efc83b09c}*SharedItemsImports = 4
	EndGlobalSection
	GlobalSection(SolutionConfigurationPlatforms) = preSolution
		Debug|Any CPU = Debug|Any CPU
		Release|Any CPU = Release|Any CPU
	EndGlobalSection
	GlobalSection(ProjectConfigurationPlatforms) = postSolution
		{476408A8-4A66-40D2-AC92-F881FD748587}.Debug|Any CPU.ActiveCfg = Debug|Any CPU
		{476408A8-4A66-40D2-AC92-F881FD748587}.Debug|Any CPU.Build.0 = Debug|Any CPU
		{476408A8-4A66-40D2-AC92-F881FD748587}.Release|Any CPU.ActiveCfg = Release|Any CPU
		{476408A8-4A66-40D2-AC92-F881FD748587}.Release|Any CPU.Build.0 = Release|Any CPU
		{A4A43B87-3E3B-4BDC-8140-465B6D3B192D}.Debug|Any CPU.ActiveCfg = Debug|Any CPU
		{A4A43B87-3E3B-4BDC-8140-465B6D3B192D}.Debug|Any CPU.Build.0 = Debug|Any CPU
		{A4A43B87-3E3B-4BDC-8140-465B6D3B192D}.Release|Any CPU.ActiveCfg = Release|Any CPU
		{A4A43B87-3E3B-4BDC-8140-465B6D3B192D}.Release|Any CPU.Build.0 = Release|Any CPU
		{BF6D136E-4CA7-4ED2-9EDA-065EFC83B09C}.Debug|Any CPU.ActiveCfg = Debug|Any CPU
		{BF6D136E-4CA7-4ED2-9EDA-065EFC83B09C}.Debug|Any CPU.Build.0 = Debug|Any CPU
		{BF6D136E-4CA7-4ED2-9EDA-065EFC83B09C}.Release|Any CPU.ActiveCfg = Release|Any CPU
		{BF6D136E-4CA7-4ED2-9EDA-065EFC83B09C}.Release|Any CPU.Build.0 = Release|Any CPU
	EndGlobalSection
	GlobalSection(SolutionProperties) = preSolution
		HideSolutionNode = FALSE
	EndGlobalSection
	GlobalSection(ExtensibilityGlobals) = postSolution
		SolutionGuid = {79DE8E90-D379-43BB-AC58-B8534642BC99}
	EndGlobalSection
EndGlobal
